
Microsoft Visual Studio Solution File, Format Version 12.00
# Visual Studio Version 16
VisualStudioVersion = 16.0.30011.22
MinimumVisualStudioVersion = 10.0.40219.1
Project("{FAE04EC0-301F-11D3-BF4B-00C04F79EFBC}") = "GailisRunTests", "GailisRunTests\GailisRunTests.csproj", "{0C9BB0B7-4323-48D6-8D91-644BCB3D1A9C}"
EndProject
Global
	GlobalSection(SolutionConfigurationPlatforms) = preSolution
		Debug|Any CPU = Debug|Any CPU
		Release|Any CPU = Release|Any CPU
	EndGlobalSection
	GlobalSection(ProjectConfigurationPlatforms) = postSolution
		{0C9BB0B7-4323-48D6-8D91-644BCB3D1A9C}.Debug|Any CPU.ActiveCfg = Debug|Any CPU
		{0C9BB0B7-4323-48D6-8D91-644BCB3D1A9C}.Debug|Any CPU.Build.0 = Debug|Any CPU
		{0C9BB0B7-4323-48D6-8D91-644BCB3D1A9C}.Release|Any CPU.ActiveCfg = Release|Any CPU
		{0C9BB0B7-4323-48D6-8D91-644BCB3D1A9C}.Release|Any CPU.Build.0 = Release|Any CPU
	EndGlobalSection
	GlobalSection(SolutionProperties) = preSolution
		HideSolutionNode = FALSE
	EndGlobalSection
	GlobalSection(ExtensibilityGlobals) = postSolution
		SolutionGuid = {2AB158E6-0597-4303-B57C-C2EC30D6AD8C}
	EndGlobalSection
EndGlobal
